PODS:
  - Order (0.1.0):
    - OrderInterface (= 0.1.0)
  - OrderInterface (0.1.0):
    - RaModular (= 0.1.0)
  - RaModular (0.1.0):
    - RaModularBehavior (= 0.1.0)
    - RaModularCore (= 0.1.0)
    - RaModularRouter (= 0.1.0)
  - RaModularBehavior (0.1.0):
    - RaModularCore (= 0.1.0)
  - RaModularCore (0.1.0)
  - RaModularRouter (0.1.0):
    - RaModularCore (= 0.1.0)

DEPENDENCIES:
  - Order (from `./Services/Order`)
  - OrderInterface (from `./Services/OrderInterface`)
  - RaModular (from `../`)
  - RaModularBehavior (from `../`)
  - RaModularCore (from `../`)
  - RaModularRouter (from `../`)

EXTERNAL SOURCES:
  Order:
    :path: "./Services/Order"
  OrderInterface:
    :path: "./Services/OrderInterface"
  RaModular:
    :path: "../"
  RaModularBehavior:
    :path: "../"
  RaModularCore:
    :path: "../"
  RaModularRouter:
    :path: "../"

SPEC CHECKSUMS:
  Order: 33691516425617e16a11e6a3c46fdf9ec630d327
  OrderInterface: 6780d6e1d353364ef11b28e5461448f9d50e18d9
  RaModular: b5d8ccf46f14cc1c9b820fb39178e6a27124400b
  RaModularBehavior: 5c433699537025460d17bf9cb0208f9f6d1da7c0
  RaModularCore: 65c1707a1e4f9d3bae71d88aa201a963cbe94304
  RaModularRouter: 76441f535870a88aae9573f3ad35c2b660d42527

PODFILE CHECKSUM: c81bc8d578614957c5c79123d2e350e6be05a5bc

COCOAPODS: 1.11.3
