PODS:
  - Order (0.1.0):
    - OrderInterface
  - OrderInterface (0.1.0):
    - RaModular
  - RaModular (0.1.1):
    - RaModularBehavior (= 0.1.1)
    - RaModularCore (= 0.1.1)
    - RaModularRouter (= 0.1.1)
  - RaModularBehavior (0.1.1):
    - RaModularCore (= 0.1.1)
  - RaModularCore (0.1.1)
  - RaModularRouter (0.1.1):
    - RaModularCore (= 0.1.1)

DEPENDENCIES:
  - Order (from `./Services/Order`)
  - OrderInterface (from `./Services/OrderInterface`)
  - RaModular (from `../`)
  - RaModularBehavior (from `../`)
  - RaModularCore (from `../`)
  - RaModularRouter (from `../`)

EXTERNAL SOURCES:
  Order:
    :path: "./Services/Order"
  OrderInterface:
    :path: "./Services/OrderInterface"
  RaModular:
    :path: "../"
  RaModularBehavior:
    :path: "../"
  RaModularCore:
    :path: "../"
  RaModularRouter:
    :path: "../"

SPEC CHECKSUMS:
  Order: 9981cdb623baae8a355a20ede8d5315f0a4c0279
  OrderInterface: fb1eb67456fde355c9a50ba5f5a5425332520d57
  RaModular: 8e59f9f0d5440398a0cffb88726296f2d632f133
  RaModularBehavior: 28164d9ffeb94dfb9065fdce9d3a24f592af1f23
  RaModularCore: ea6cdb5432a3439fe7160476495fc0d4ca026c9a
  RaModularRouter: 761f076446b74a37d8262d34d3fd24b82bef0050

PODFILE CHECKSUM: c81bc8d578614957c5c79123d2e350e6be05a5bc

COCOAPODS: 1.11.3
